
Microsoft Visual Studio Solution File, Format Version 12.00
# Visual Studio Version 17
VisualStudioVersion = 17.5.002.0
MinimumVisualStudioVersion = 10.0.40219.1
Project("{9A19103F-16F7-4668-BE54-9A1E7A4F7556}") = "CustomerAPI", "CustomerAPI.csproj", "{6C7E0A56-F8DA-42A4-81AA-FD3D0A7DF1B1}"
EndProject
Global
	GlobalSection(SolutionConfigurationPlatforms) = preSolution
		Debug|Any CPU = Debug|Any CPU
		Release|Any CPU = Release|Any CPU
	EndGlobalSection
	GlobalSection(ProjectConfigurationPlatforms) = postSolution
		{6C7E0A56-F8DA-42A4-81AA-FD3D0A7DF1B1}.Debug|Any CPU.ActiveCfg = Debug|Any CPU
		{6C7E0A56-F8DA-42A4-81AA-FD3D0A7DF1B1}.Debug|Any CPU.Build.0 = Debug|Any CPU
		{6C7E0A56-F8DA-42A4-81AA-FD3D0A7DF1B1}.Release|Any CPU.ActiveCfg = Release|Any CPU
		{6C7E0A56-F8DA-42A4-81AA-FD3D0A7DF1B1}.Release|Any CPU.Build.0 = Release|Any CPU
	EndGlobalSection
	GlobalSection(SolutionProperties) = preSolution
		HideSolutionNode = FALSE
	EndGlobalSection
	GlobalSection(ExtensibilityGlobals) = postSolution
		SolutionGuid = {F719C723-0C20-41FA-816F-1C4E990540F9}
	EndGlobalSection
EndGlobal
